
Microsoft Visual Studio Solution File, Format Version 12.00
# Visual Studio Version 17
VisualStudioVersion = 17.6.33829.357
MinimumVisualStudioVersion = 10.0.40219.1
Project("{FAE04EC0-301F-11D3-BF4B-00C04F79EFBC}") = "Editing Images", "Editing Images\Editing Images.csproj", "{83360138-32DE-4F6A-A26C-561865496928}"
EndProject
Global
	GlobalSection(SolutionConfigurationPlatforms) = preSolution
		Debug|Any CPU = Debug|Any CPU
		Release|Any CPU = Release|Any CPU
	EndGlobalSection
	GlobalSection(ProjectConfigurationPlatforms) = postSolution
		{83360138-32DE-4F6A-A26C-561865496928}.Debug|Any CPU.ActiveCfg = Debug|Any CPU
		{83360138-32DE-4F6A-A26C-561865496928}.Debug|Any CPU.Build.0 = Debug|Any CPU
		{83360138-32DE-4F6A-A26C-561865496928}.Release|Any CPU.ActiveCfg = Release|Any CPU
		{83360138-32DE-4F6A-A26C-561865496928}.Release|Any CPU.Build.0 = Release|Any CPU
	EndGlobalSection
	GlobalSection(SolutionProperties) = preSolution
		HideSolutionNode = FALSE
	EndGlobalSection
	GlobalSection(ExtensibilityGlobals) = postSolution
		SolutionGuid = {06D2074C-EBD5-440B-B06C-18C9E9997A73}
	EndGlobalSection
EndGlobal
